
Microsoft Visual Studio Solution File, Format Version 12.00
# Visual Studio 15
VisualStudioVersion = 15.0.27703.2035
MinimumVisualStudioVersion = 10.0.40219.1
Project("{FAE04EC0-301F-11D3-BF4B-00C04F79EFBC}") = "OdeToFood", "OdeToFood\OdeToFood.csproj", "{2C0BBFD1-0B2A-4AE4-A0C1-E4EE988352D3}"
EndProject
Global
	GlobalSection(SolutionConfigurationPlatforms) = preSolution
		Debug|Any CPU = Debug|Any CPU
		Release|Any CPU = Release|Any CPU
	EndGlobalSection
	GlobalSection(ProjectConfigurationPlatforms) = postSolution
		{2C0BBFD1-0B2A-4AE4-A0C1-E4EE988352D3}.Debug|Any CPU.ActiveCfg = Debug|Any CPU
		{2C0BBFD1-0B2A-4AE4-A0C1-E4EE988352D3}.Debug|Any CPU.Build.0 = Debug|Any CPU
		{2C0BBFD1-0B2A-4AE4-A0C1-E4EE988352D3}.Release|Any CPU.ActiveCfg = Release|Any CPU
		{2C0BBFD1-0B2A-4AE4-A0C1-E4EE988352D3}.Release|Any CPU.Build.0 = Release|Any CPU
	EndGlobalSection
	GlobalSection(SolutionProperties) = preSolution
		HideSolutionNode = FALSE
	EndGlobalSection
	GlobalSection(ExtensibilityGlobals) = postSolution
		SolutionGuid = {4CF3594D-7AFE-4802-9B5D-3271AA33EAD7}
	EndGlobalSection
EndGlobal
